Microsoft Visual Studio Solution File, Format Version 8.00
Project("{8BC9CEB8-8B4A-11D0-8D11-00A0C91BC942}") = "neverball", "neverball\neverball.vcproj", "{039567BB-AE05-432F-8263-D5F075B03FFC}"
	ProjectSection(ProjectDependencies) = postProject
		{CBEC55AB-F660-40A5-B6E4-42C9588F9362} = {CBEC55AB-F660-40A5-B6E4-42C9588F9362}
	EndProjectSection
EndProject
Project("{8BC9CEB8-8B4A-11D0-8D11-00A0C91BC942}") = "mapc", "mapc\mapc.vcproj", "{3FD0C71F-EEBB-401E-BA36-01EA73770136}"
	ProjectSection(ProjectDependencies) = postProject
	EndProjectSection
EndProject
Project("{8BC9CEB8-8B4A-11D0-8D11-00A0C91BC942}") = "maps", "maps\maps.vcproj", "{CBEC55AB-F660-40A5-B6E4-42C9588F9362}"
	ProjectSection(ProjectDependencies) = postProject
		{3FD0C71F-EEBB-401E-BA36-01EA73770136} = {3FD0C71F-EEBB-401E-BA36-01EA73770136}
	EndProjectSection
EndProject
Project("{8BC9CEB8-8B4A-11D0-8D11-00A0C91BC942}") = "neverputt", "neverputt\neverputt.vcproj", "{4AECAD75-406F-4119-8C38-29790268ABDE}"
	ProjectSection(ProjectDependencies) = postProject
	EndProjectSection
EndProject
Global
	GlobalSection(SolutionConfiguration) = preSolution
		Debug = Debug
		Release = Release
	EndGlobalSection
	GlobalSection(ProjectConfiguration) = postSolution
		{039567BB-AE05-432F-8263-D5F075B03FFC}.Debug.ActiveCfg = Debug|Win32
		{039567BB-AE05-432F-8263-D5F075B03FFC}.Debug.Build.0 = Debug|Win32
		{039567BB-AE05-432F-8263-D5F075B03FFC}.Release.ActiveCfg = Release|Win32
		{039567BB-AE05-432F-8263-D5F075B03FFC}.Release.Build.0 = Release|Win32
		{3FD0C71F-EEBB-401E-BA36-01EA73770136}.Debug.ActiveCfg = Debug|Win32
		{3FD0C71F-EEBB-401E-BA36-01EA73770136}.Debug.Build.0 = Debug|Win32
		{3FD0C71F-EEBB-401E-BA36-01EA73770136}.Release.ActiveCfg = Release|Win32
		{3FD0C71F-EEBB-401E-BA36-01EA73770136}.Release.Build.0 = Release|Win32
		{CBEC55AB-F660-40A5-B6E4-42C9588F9362}.Debug.ActiveCfg = Debug|Win32
		{CBEC55AB-F660-40A5-B6E4-42C9588F9362}.Debug.Build.0 = Debug|Win32
		{CBEC55AB-F660-40A5-B6E4-42C9588F9362}.Release.ActiveCfg = Release|Win32
		{CBEC55AB-F660-40A5-B6E4-42C9588F9362}.Release.Build.0 = Release|Win32
		{4AECAD75-406F-4119-8C38-29790268ABDE}.Debug.ActiveCfg = Debug|Win32
		{4AECAD75-406F-4119-8C38-29790268ABDE}.Debug.Build.0 = Debug|Win32
		{4AECAD75-406F-4119-8C38-29790268ABDE}.Release.ActiveCfg = Release|Win32
		{4AECAD75-406F-4119-8C38-29790268ABDE}.Release.Build.0 = Release|Win32
	EndGlobalSection
	GlobalSection(ExtensibilityGlobals) = postSolution
	EndGlobalSection
	GlobalSection(ExtensibilityAddIns) = postSolution
	EndGlobalSection
EndGlobal
